Microsoft Visual Studio Solution File, Format Version 12.00
# Visual Studio 15
VisualStudioVersion = 15.0.26403.7
MinimumVisualStudioVersion = 15.0.26124.0
Project("{2150E333-8FDC-42A3-9474-1A3956D46DE8}") = "src", "src", "{4F7310E7-C68B-4287-87BB-CB4D424FC2E2}"
EndProject
Project("{2150E333-8FDC-42A3-9474-1A3956D46DE8}") = "test", "test", "{56A61ECD-1751-4E63-B9A1-0E505B136815}"
EndProject
Project("{9A19103F-16F7-4668-BE54-9A1E7A4F7556}") = "Ofl.Reflection", "src\Ofl.Reflection\Ofl.Reflection.csproj", "{7459AE2D-9813-40BA-9065-419645018F1A}"
EndProject
Project("{9A19103F-16F7-4668-BE54-9A1E7A4F7556}") = "Ofl.Reflection.Tests", "test\Ofl.Reflection.Tests\Ofl.Reflection.Tests.csproj", "{8F78C2EB-45BC-4636-A3D6-615967FF8BC5}"
EndProject
Project("{2150E333-8FDC-42A3-9474-1A3956D46DE8}") = "solution-level items", "solution-level items", "{75FD1492-9D7F-4325-B6B2-E46A4779FEF0}"
	ProjectSection(SolutionItems) = preProject
		.gitignore = .gitignore
		.gitmodules = .gitmodules
		appveyor.yml = appveyor.yml
		directory.build.props = directory.build.props
		LICENSE = LICENSE
		Ofl.Reflection.sln.DotSettings = Ofl.Reflection.sln.DotSettings
		README.md = README.md
	EndProjectSection
EndProject
Global
	GlobalSection(SolutionConfigurationPlatforms) = preSolution
		Debug|Any CPU = Debug|Any CPU
		Debug|x64 = Debug|x64
		Debug|x86 = Debug|x86
		Release|Any CPU = Release|Any CPU
		Release|x64 = Release|x64
		Release|x86 = Release|x86
	EndGlobalSection
	GlobalSection(ProjectConfigurationPlatforms) = postSolution
		{7459AE2D-9813-40BA-9065-419645018F1A}.Debug|Any CPU.ActiveCfg = Debug|Any CPU
		{7459AE2D-9813-40BA-9065-419645018F1A}.Debug|Any CPU.Build.0 = Debug|Any CPU
		{7459AE2D-9813-40BA-9065-419645018F1A}.Debug|x64.ActiveCfg = Debug|Any CPU
		{7459AE2D-9813-40BA-9065-419645018F1A}.Debug|x64.Build.0 = Debug|Any CPU
		{7459AE2D-9813-40BA-9065-419645018F1A}.Debug|x86.ActiveCfg = Debug|Any CPU
		{7459AE2D-9813-40BA-9065-419645018F1A}.Debug|x86.Build.0 = Debug|Any CPU
		{7459AE2D-9813-40BA-9065-419645018F1A}.Release|Any CPU.ActiveCfg = Release|Any CPU
		{7459AE2D-9813-40BA-9065-419645018F1A}.Release|Any CPU.Build.0 = Release|Any CPU
		{7459AE2D-9813-40BA-9065-419645018F1A}.Release|x64.ActiveCfg = Release|Any CPU
		{7459AE2D-9813-40BA-9065-419645018F1A}.Release|x64.Build.0 = Release|Any CPU
		{7459AE2D-9813-40BA-9065-419645018F1A}.Release|x86.ActiveCfg = Release|Any CPU
		{7459AE2D-9813-40BA-9065-419645018F1A}.Release|x86.Build.0 = Release|Any CPU
		{8F78C2EB-45BC-4636-A3D6-615967FF8BC5}.Debug|Any CPU.ActiveCfg = Debug|Any CPU
		{8F78C2EB-45BC-4636-A3D6-615967FF8BC5}.Debug|Any CPU.Build.0 = Debug|Any CPU
		{8F78C2EB-45BC-4636-A3D6-615967FF8BC5}.Debug|x64.ActiveCfg = Debug|Any CPU
		{8F78C2EB-45BC-4636-A3D6-615967FF8BC5}.Debug|x64.Build.0 = Debug|Any CPU
		{8F78C2EB-45BC-4636-A3D6-615967FF8BC5}.Debug|x86.ActiveCfg = Debug|Any CPU
		{8F78C2EB-45BC-4636-A3D6-615967FF8BC5}.Debug|x86.Build.0 = Debug|Any CPU
		{8F78C2EB-45BC-4636-A3D6-615967FF8BC5}.Release|Any CPU.ActiveCfg = Release|Any CPU
		{8F78C2EB-45BC-4636-A3D6-615967FF8BC5}.Release|Any CPU.Build.0 = Release|Any CPU
		{8F78C2EB-45BC-4636-A3D6-615967FF8BC5}.Release|x64.ActiveCfg = Release|Any CPU
		{8F78C2EB-45BC-4636-A3D6-615967FF8BC5}.Release|x64.Build.0 = Release|Any CPU
		{8F78C2EB-45BC-4636-A3D6-615967FF8BC5}.Release|x86.ActiveCfg = Release|Any CPU
		{8F78C2EB-45BC-4636-A3D6-615967FF8BC5}.Release|x86.Build.0 = Release|Any CPU
	EndGlobalSection
	GlobalSection(SolutionProperties) = preSolution
		HideSolutionNode = FALSE
	EndGlobalSection
	GlobalSection(NestedProjects) = preSolution
		{7459AE2D-9813-40BA-9065-419645018F1A} = {4F7310E7-C68B-4287-87BB-CB4D424FC2E2}
		{8F78C2EB-45BC-4636-A3D6-615967FF8BC5} = {56A61ECD-1751-4E63-B9A1-0E505B136815}
	EndGlobalSection
	GlobalSection(ExtensibilityGlobals) = postSolution
		SolutionGuid = {90C95633-9D7E-461C-8AE9-A163BFB77454}
	EndGlobalSection
EndGlobal
